
Microsoft Visual Studio Solution File, Format Version 12.00
# Visual Studio 2013
VisualStudioVersion = 12.0.21005.1
MinimumVisualStudioVersion = 10.0.40219.1
Project("{FAE04EC0-301F-11D3-BF4B-00C04F79EFBC}") = "ConvertisseurNombreEnLettre", "ConvertisseurChiffreEnLettre\ConvertisseurNombreEnLettre.csproj", "{3744117F-753A-4594-88DC-8CD0EA8FFB8A}"
EndProject
Project("{FAE04EC0-301F-11D3-BF4B-00C04F79EFBC}") = "ConvertisseurNombreEnLettre.Test", "ConvertisseurChiffreEnLettre.Test\ConvertisseurNombreEnLettre.Test.csproj", "{9DC0586D-995A-4516-A9C7-69A354757496}"
EndProject
Global
	GlobalSection(SolutionConfigurationPlatforms) = preSolution
		Debug|Any CPU = Debug|Any CPU
		Release|Any CPU = Release|Any CPU
	EndGlobalSection
	GlobalSection(ProjectConfigurationPlatforms) = postSolution
		{3744117F-753A-4594-88DC-8CD0EA8FFB8A}.Debug|Any CPU.ActiveCfg = Debug|Any CPU
		{3744117F-753A-4594-88DC-8CD0EA8FFB8A}.Debug|Any CPU.Build.0 = Debug|Any CPU
		{3744117F-753A-4594-88DC-8CD0EA8FFB8A}.Release|Any CPU.ActiveCfg = Release|Any CPU
		{3744117F-753A-4594-88DC-8CD0EA8FFB8A}.Release|Any CPU.Build.0 = Release|Any CPU
		{9DC0586D-995A-4516-A9C7-69A354757496}.Debug|Any CPU.ActiveCfg = Debug|Any CPU
		{9DC0586D-995A-4516-A9C7-69A354757496}.Debug|Any CPU.Build.0 = Debug|Any CPU
		{9DC0586D-995A-4516-A9C7-69A354757496}.Release|Any CPU.ActiveCfg = Release|Any CPU
		{9DC0586D-995A-4516-A9C7-69A354757496}.Release|Any CPU.Build.0 = Release|Any CPU
	EndGlobalSection
	GlobalSection(SolutionProperties) = preSolution
		HideSolutionNode = FALSE
	EndGlobalSection
EndGlobal
